
Microsoft Visual Studio Solution File, Format Version 12.00
# Visual Studio Version 16
VisualStudioVersion = 16.0.29709.97
MinimumVisualStudioVersion = 10.0.40219.1
Project("{FAE04EC0-301F-11D3-BF4B-00C04F79EFBC}") = "PrototypePattern", "PrototypePattern\PrototypePattern.csproj", "{2A0C13DD-C5AA-4FA9-94C1-6DEBE58917B3}"
EndProject
Global
	GlobalSection(SolutionConfigurationPlatforms) = preSolution
		Debug|Any CPU = Debug|Any CPU
		Release|Any CPU = Release|Any CPU
	EndGlobalSection
	GlobalSection(ProjectConfigurationPlatforms) = postSolution
		{2A0C13DD-C5AA-4FA9-94C1-6DEBE58917B3}.Debug|Any CPU.ActiveCfg = Debug|Any CPU
		{2A0C13DD-C5AA-4FA9-94C1-6DEBE58917B3}.Debug|Any CPU.Build.0 = Debug|Any CPU
		{2A0C13DD-C5AA-4FA9-94C1-6DEBE58917B3}.Release|Any CPU.ActiveCfg = Release|Any CPU
		{2A0C13DD-C5AA-4FA9-94C1-6DEBE58917B3}.Release|Any CPU.Build.0 = Release|Any CPU
	EndGlobalSection
	GlobalSection(SolutionProperties) = preSolution
		HideSolutionNode = FALSE
	EndGlobalSection
	GlobalSection(ExtensibilityGlobals) = postSolution
		SolutionGuid = {4A6F7818-4FF3-4D70-958E-FF8BCA5E4B34}
	EndGlobalSection
EndGlobal
