
Microsoft Visual Studio Solution File, Format Version 12.00
# Visual Studio Version 16
VisualStudioVersion = 16.0.30002.166
MinimumVisualStudioVersion = 10.0.40219.1
Project("{FAE04EC0-301F-11D3-BF4B-00C04F79EFBC}") = "BridgePattern", "BridgePattern\BridgePattern.csproj", "{E598E1E6-6036-4500-89E3-4E94CD489061}"
EndProject
Global
	GlobalSection(SolutionConfigurationPlatforms) = preSolution
		Debug|Any CPU = Debug|Any CPU
		Release|Any CPU = Release|Any CPU
	EndGlobalSection
	GlobalSection(ProjectConfigurationPlatforms) = postSolution
		{E598E1E6-6036-4500-89E3-4E94CD489061}.Debug|Any CPU.ActiveCfg = Debug|Any CPU
		{E598E1E6-6036-4500-89E3-4E94CD489061}.Debug|Any CPU.Build.0 = Debug|Any CPU
		{E598E1E6-6036-4500-89E3-4E94CD489061}.Release|Any CPU.ActiveCfg = Release|Any CPU
		{E598E1E6-6036-4500-89E3-4E94CD489061}.Release|Any CPU.Build.0 = Release|Any CPU
	EndGlobalSection
	GlobalSection(SolutionProperties) = preSolution
		HideSolutionNode = FALSE
	EndGlobalSection
	GlobalSection(ExtensibilityGlobals) = postSolution
		SolutionGuid = {34F44630-7944-49F4-B984-E38040B0B3CD}
	EndGlobalSection
EndGlobal
