
Microsoft Visual Studio Solution File, Format Version 12.00
# Visual Studio Version 17
VisualStudioVersion = 17.3.32519.111
MinimumVisualStudioVersion = 10.0.40219.1
Project("{FAE04EC0-301F-11D3-BF4B-00C04F79EFBC}") = "AuthSample", "AuthSample\AuthSample.csproj", "{E782D960-AB64-43DE-98C9-1D249201FD7E}"
EndProject
Global
	GlobalSection(SolutionConfigurationPlatforms) = preSolution
		Debug|Any CPU = Debug|Any CPU
		Release|Any CPU = Release|Any CPU
	EndGlobalSection
	GlobalSection(ProjectConfigurationPlatforms) = postSolution
		{E782D960-AB64-43DE-98C9-1D249201FD7E}.Debug|Any CPU.ActiveCfg = Debug|Any CPU
		{E782D960-AB64-43DE-98C9-1D249201FD7E}.Debug|Any CPU.Build.0 = Debug|Any CPU
		{E782D960-AB64-43DE-98C9-1D249201FD7E}.Release|Any CPU.ActiveCfg = Release|Any CPU
		{E782D960-AB64-43DE-98C9-1D249201FD7E}.Release|Any CPU.Build.0 = Release|Any CPU
	EndGlobalSection
	GlobalSection(SolutionProperties) = preSolution
		HideSolutionNode = FALSE
	EndGlobalSection
	GlobalSection(ExtensibilityGlobals) = postSolution
		SolutionGuid = {C56A9738-C14C-4EEF-B75A-D4F7686E64D9}
	EndGlobalSection
EndGlobal
