
Microsoft Visual Studio Solution File, Format Version 12.00
# Visual Studio Version 16
VisualStudioVersion = 16.0.29709.97
MinimumVisualStudioVersion = 10.0.40219.1
Project("{FAE04EC0-301F-11D3-BF4B-00C04F79EFBC}") = "BuilderPattern", "BuilderPattern\BuilderPattern.csproj", "{9295EE5A-F43F-4012-8B89-6D83FE8CAE08}"
EndProject
Global
	GlobalSection(SolutionConfigurationPlatforms) = preSolution
		Debug|Any CPU = Debug|Any CPU
		Release|Any CPU = Release|Any CPU
	EndGlobalSection
	GlobalSection(ProjectConfigurationPlatforms) = postSolution
		{9295EE5A-F43F-4012-8B89-6D83FE8CAE08}.Debug|Any CPU.ActiveCfg = Debug|Any CPU
		{9295EE5A-F43F-4012-8B89-6D83FE8CAE08}.Debug|Any CPU.Build.0 = Debug|Any CPU
		{9295EE5A-F43F-4012-8B89-6D83FE8CAE08}.Release|Any CPU.ActiveCfg = Release|Any CPU
		{9295EE5A-F43F-4012-8B89-6D83FE8CAE08}.Release|Any CPU.Build.0 = Release|Any CPU
	EndGlobalSection
	GlobalSection(SolutionProperties) = preSolution
		HideSolutionNode = FALSE
	EndGlobalSection
	GlobalSection(ExtensibilityGlobals) = postSolution
		SolutionGuid = {81EF185A-C028-4A6D-A513-F2D605604359}
	EndGlobalSection
EndGlobal
