
Microsoft Visual Studio Solution File, Format Version 12.00
# Visual Studio Version 17
VisualStudioVersion = 17.0.31521.260
MinimumVisualStudioVersion = 10.0.40219.1
Project("{9A19103F-16F7-4668-BE54-9A1E7A4F7556}") = "Basics", "Basics\Basics.csproj", "{C9CFA68D-337E-4A17-90E1-8618CF7DBEF7}"
EndProject
Project("{FAE04EC0-301F-11D3-BF4B-00C04F79EFBC}") = "WebBasicTesting", "WebBasicTesting\WebBasicTesting.csproj", "{DE14361D-C930-46A1-BE1F-05F99BC897E9}"
EndProject
Global
	GlobalSection(SolutionConfigurationPlatforms) = preSolution
		Debug|Any CPU = Debug|Any CPU
		Release|Any CPU = Release|Any CPU
	EndGlobalSection
	GlobalSection(ProjectConfigurationPlatforms) = postSolution
		{C9CFA68D-337E-4A17-90E1-8618CF7DBEF7}.Debug|Any CPU.ActiveCfg = Debug|Any CPU
		{C9CFA68D-337E-4A17-90E1-8618CF7DBEF7}.Debug|Any CPU.Build.0 = Debug|Any CPU
		{C9CFA68D-337E-4A17-90E1-8618CF7DBEF7}.Release|Any CPU.ActiveCfg = Release|Any CPU
		{C9CFA68D-337E-4A17-90E1-8618CF7DBEF7}.Release|Any CPU.Build.0 = Release|Any CPU
		{DE14361D-C930-46A1-BE1F-05F99BC897E9}.Debug|Any CPU.ActiveCfg = Debug|Any CPU
		{DE14361D-C930-46A1-BE1F-05F99BC897E9}.Debug|Any CPU.Build.0 = Debug|Any CPU
		{DE14361D-C930-46A1-BE1F-05F99BC897E9}.Release|Any CPU.ActiveCfg = Release|Any CPU
		{DE14361D-C930-46A1-BE1F-05F99BC897E9}.Release|Any CPU.Build.0 = Release|Any CPU
	EndGlobalSection
	GlobalSection(SolutionProperties) = preSolution
		HideSolutionNode = FALSE
	EndGlobalSection
	GlobalSection(ExtensibilityGlobals) = postSolution
		SolutionGuid = {E312DE2D-61B3-49DD-9637-2C140478B40C}
	EndGlobalSection
EndGlobal
